
Microsoft Visual Studio Solution File, Format Version 11.00
# Visual Studio 2010
Project("{2857B73E-F847-4B02-9238-064979017E93}") = "WikiClient", "WikiClient\WikiClient.cproj", "{FCB7689A-FA72-4A2D-8390-C0AE79AD5C86}"
EndProject
Global
	GlobalSection(SolutionConfigurationPlatforms) = preSolution
		Debug|Any CPU = Debug|Any CPU
		Release|Any CPU = Release|Any CPU
	EndGlobalSection
	GlobalSection(ProjectConfigurationPlatforms) = postSolution
		{FCB7689A-FA72-4A2D-8390-C0AE79AD5C86}.Debug|Any CPU.ActiveCfg = Debug|Any CPU
		{FCB7689A-FA72-4A2D-8390-C0AE79AD5C86}.Debug|Any CPU.Build.0 = Debug|Any CPU
		{FCB7689A-FA72-4A2D-8390-C0AE79AD5C86}.Release|Any CPU.ActiveCfg = Release|Any CPU
		{FCB7689A-FA72-4A2D-8390-C0AE79AD5C86}.Release|Any CPU.Build.0 = Release|Any CPU
	EndGlobalSection
	GlobalSection(MonoDevelopProperties) = preSolution
		StartupItem = WikiClient\WikiClient.cproj
	EndGlobalSection
EndGlobal
