
Microsoft Visual Studio Solution File, Format Version 11.00
# Visual Studio 2010
Project("{2857B73E-F847-4B02-9238-064979017E93}") = "CH3", "CH3\CH3.cproj", "{D9FE6CC6-5E24-40D4-AA95-162F00913315}"
EndProject
Global
	GlobalSection(SolutionConfigurationPlatforms) = preSolution
		Debug|Any CPU = Debug|Any CPU
		Release|Any CPU = Release|Any CPU
	EndGlobalSection
	GlobalSection(ProjectConfigurationPlatforms) = postSolution
		{D9FE6CC6-5E24-40D4-AA95-162F00913315}.Debug|Any CPU.ActiveCfg = Debug|Any CPU
		{D9FE6CC6-5E24-40D4-AA95-162F00913315}.Debug|Any CPU.Build.0 = Debug|Any CPU
		{D9FE6CC6-5E24-40D4-AA95-162F00913315}.Release|Any CPU.ActiveCfg = Release|Any CPU
		{D9FE6CC6-5E24-40D4-AA95-162F00913315}.Release|Any CPU.Build.0 = Release|Any CPU
	EndGlobalSection
	GlobalSection(MonoDevelopProperties) = preSolution
		StartupItem = CH3\CH3.cproj
	EndGlobalSection
EndGlobal
