
Microsoft Visual Studio Solution File, Format Version 11.00
# Visual Studio 2010
Project("{2857B73E-F847-4B02-9238-064979017E93}") = "smalltoolproject", "smalltoolproject\smalltoolproject.cproj", "{D2E0EF51-93CF-4279-9367-B4B9FD2303C2}"
EndProject
Global
	GlobalSection(SolutionConfigurationPlatforms) = preSolution
		Debug|Any CPU = Debug|Any CPU
		Release|Any CPU = Release|Any CPU
	EndGlobalSection
	GlobalSection(ProjectConfigurationPlatforms) = postSolution
		{D2E0EF51-93CF-4279-9367-B4B9FD2303C2}.Debug|Any CPU.ActiveCfg = Debug|Any CPU
		{D2E0EF51-93CF-4279-9367-B4B9FD2303C2}.Debug|Any CPU.Build.0 = Debug|Any CPU
		{D2E0EF51-93CF-4279-9367-B4B9FD2303C2}.Release|Any CPU.ActiveCfg = Release|Any CPU
		{D2E0EF51-93CF-4279-9367-B4B9FD2303C2}.Release|Any CPU.Build.0 = Release|Any CPU
	EndGlobalSection
	GlobalSection(MonoDevelopProperties) = preSolution
		StartupItem = smalltoolproject\smalltoolproject.cproj
	EndGlobalSection
EndGlobal
