
Microsoft Visual Studio Solution File, Format Version 11.00
# Visual Studio 2010
Project("{2857B73E-F847-4B02-9238-064979017E93}") = "AsteriodGame", "AsteriodGame\AsteriodGame.cproj", "{91CCCD08-FDD6-43FB-9878-91C6CCAC8E98}"
EndProject
Global
	GlobalSection(SolutionConfigurationPlatforms) = preSolution
		Debug|Any CPU = Debug|Any CPU
		Release|Any CPU = Release|Any CPU
	EndGlobalSection
	GlobalSection(ProjectConfigurationPlatforms) = postSolution
		{91CCCD08-FDD6-43FB-9878-91C6CCAC8E98}.Debug|Any CPU.ActiveCfg = Debug|Any CPU
		{91CCCD08-FDD6-43FB-9878-91C6CCAC8E98}.Debug|Any CPU.Build.0 = Debug|Any CPU
		{91CCCD08-FDD6-43FB-9878-91C6CCAC8E98}.Release|Any CPU.ActiveCfg = Release|Any CPU
		{91CCCD08-FDD6-43FB-9878-91C6CCAC8E98}.Release|Any CPU.Build.0 = Release|Any CPU
	EndGlobalSection
	GlobalSection(MonoDevelopProperties) = preSolution
		StartupItem = AsteriodGame\AsteriodGame.cproj
	EndGlobalSection
EndGlobal
